// !$*UTF8*$!
{
	archiveVersion = 1;
	classes = {
	};
	objectVersion = 46;
	objects = {

/* Begin PBXBuildFile section */
		2D975D221C9906DD0027BE09 /* AppDelegate.swift in Sources */ = {isa = PBXBuildFile; fileRef = 2D975D211C9906DD0027BE09 /* AppDelegate.swift */; };
		2D975D241C9906DD0027BE09 /* ViewController.swift in Sources */ = {isa = PBXBuildFile; fileRef = 2D975D231C9906DD0027BE09 /* ViewController.swift */; };
		2D975D271C9906DD0027BE09 /* Main.storyboard in Resources */ = {isa = PBXBuildFile; fileRef = 2D975D251C9906DD0027BE09 /* Main.storyboard */; };
		2D975D291C9906DD0027BE09 /* Assets.xcassets in Resources */ = {isa = PBXBuildFile; fileRef = 2D975D281C9906DD0027BE09 /* Assets.xcassets */; };
		2D975D2C1C9906DD0027BE09 /* LaunchScreen.storyboard in Resources */ = {isa = PBXBuildFile; fileRef = 2D975D2A1C9906DD0027BE09 /* LaunchScreen.storyboard */; };
		2D975D371C9906DD0027BE09 /* TrySafariViewControllerTests.swift in Sources */ = {isa = PBXBuildFile; fileRef = 2D975D361C9906DD0027BE09 /* TrySafariViewControllerTests.swift */; };
		2D975D421C9906DD0027BE09 /* TrySafariViewControllerUITests.swift in Sources */ = {isa = PBXBuildFile; fileRef = 2D975D411C9906DD0027BE09 /* TrySafariViewControllerUITests.swift */; };
/* End PBXBuildFile section */

/* Begin PBXContainerItemProxy section */
		2D975D331C9906DD0027BE09 /* PBXContainerItemProxy */ = {
			isa = PBXContainerItemProxy;
			containerPortal = 2D975D161C9906DD0027BE09 /* Project object */;
			proxyType = 1;
			remoteGlobalIDString = 2D975D1D1C9906DD0027BE09;
			remoteInfo = TrySafariViewController;
		};
		2D975D3E1C9906DD0027BE09 /* PBXContainerItemProxy */ = {
			isa = PBXContainerItemProxy;
			containerPortal = 2D975D161C9906DD0027BE09 /* Project object */;
			proxyType = 1;
			remoteGlobalIDString = 2D975D1D1C9906DD0027BE09;
			remoteInfo = TrySafariViewController;
		};
/* End PBXContainerItemProxy section */

/* Begin PBXFileReference section */
		2D975D1E1C9906DD0027BE09 /* TrySafariViewController.app */ = {isa = PBXFileReference; explicitFileType = wrapper.application; includeInIndex = 0; path = TrySafariViewController.app; sourceTree = BUILT_PRODUCTS_DIR; };
		2D975D211C9906DD0027BE09 /* AppDelegate.swift */ = {isa = PBXFileReference; lastKnownFileType = sourcecode.swift; path = AppDelegate.swift; sourceTree = "<group>"; };
		2D975D231C9906DD0027BE09 /* ViewController.swift */ = {isa = PBXFileReference; lastKnownFileType = sourcecode.swift; path = ViewController.swift; sourceTree = "<group>"; };
		2D975D261C9906DD0027BE09 /* Base */ = {isa = PBXFileReference; lastKnownFileType = file.storyboard; name = Base; path = Base.lproj/Main.storyboard; sourceTree = "<group>"; };
		2D975D281C9906DD0027BE09 /* Assets.xcassets */ = {isa = PBXFileReference; lastKnownFileType = folder.assetcatalog; path = Assets.xcassets; sourceTree = "<group>"; };
		2D975D2B1C9906DD0027BE09 /* Base */ = {isa = PBXFileReference; lastKnownFileType = file.storyboard; name = Base; path = Base.lproj/LaunchScreen.storyboard; sourceTree = "<group>"; };
		2D975D2D1C9906DD0027BE09 /* Info.plist */ = {isa = PBXFileReference; lastKnownFileType = text.plist.xml; path = Info.plist; sourceTree = "<group>"; };
		2D975D321C9906DD0027BE09 /* TrySafariViewControllerTests.xctest */ = {isa = PBXFileReference; explicitFileType = wrapper.cfbundle; includeInIndex = 0; path = TrySafariViewControllerTests.xctest; sourceTree = BUILT_PRODUCTS_DIR; };
		2D975D361C9906DD0027BE09 /* TrySafariViewControllerTests.swift */ = {isa = PBXFileReference; lastKnownFileType = sourcecode.swift; path = TrySafariViewControllerTests.swift; sourceTree = "<group>"; };
		2D975D381C9906DD0027BE09 /* Info.plist */ = {isa = PBXFileReference; lastKnownFileType = text.plist.xml; path = Info.plist; sourceTree = "<group>"; };
		2D975D3D1C9906DD0027BE09 /* TrySafariViewControllerUITests.xctest */ = {isa = PBXFileReference; explicitFileType = wrapper.cfbundle; includeInIndex = 0; path = TrySafariViewControllerUITests.xctest; sourceTree = BUILT_PRODUCTS_DIR; };
		2D975D411C9906DD0027BE09 /* TrySafariViewControllerUITests.swift */ = {isa = PBXFileReference; lastKnownFileType = sourcecode.swift; path = TrySafariViewControllerUITests.swift; sourceTree = "<group>"; };
		2D975D431C9906DD0027BE09 /* Info.plist */ = {isa = PBXFileReference; lastKnownFileType = text.plist.xml; path = Info.plist; sourceTree = "<group>"; };
/* End PBXFileReference section */

/* Begin PBXFrameworksBuildPhase section */
		2D975D1B1C9906DD0027BE09 /* Frameworks */ = {
			isa = PBXFrameworksBuildPhase;
			buildActionMask = 2147483647;
			files = (
			);
			runOnlyForDeploymentPostprocessing = 0;
		};
		2D975D2F1C9906DD0027BE09 /* Frameworks */ = {
			isa = PBXFrameworksBuildPhase;
			buildActionMask = 2147483647;
			files = (
			);
			runOnlyForDeploymentPostprocessing = 0;
		};
		2D975D3A1C9906DD0027BE09 /* Frameworks */ = {
			isa = PBXFrameworksBuildPhase;
			buildActionMask = 2147483647;
			files = (
			);
			runOnlyForDeploymentPostprocessing = 0;
		};
/* End PBXFrameworksBuildPhase section */

/* Begin PBXGroup section */
		2D975D151C9906DD0027BE09 = {
			isa = PBXGroup;
			children = (
				2D975D201C9906DD0027BE09 /* TrySafariViewController */,
				2D975D351C9906DD0027BE09 /* TrySafariViewControllerTests */,
				2D975D401C9906DD0027BE09 /* TrySafariViewControllerUITests */,
				2D975D1F1C9906DD0027BE09 /* Products */,
			);
			sourceTree = "<group>";
		};
		2D975D1F1C9906DD0027BE09 /* Products */ = {
			isa = PBXGroup;
			children = (
				2D975D1E1C9906DD0027BE09 /* TrySafariViewController.app */,
				2D975D321C9906DD0027BE09 /* TrySafariViewControllerTests.xctest */,
				2D975D3D1C9906DD0027BE09 /* TrySafariViewControllerUITests.xctest */,
			);
			name = Products;
			sourceTree = "<group>";
		};
		2D975D201C9906DD0027BE09 /* TrySafariViewController */ = {
			isa = PBXGroup;
			children = (
				2D975D211C9906DD0027BE09 /* AppDelegate.swift */,
				2D975D231C9906DD0027BE09 /* ViewController.swift */,
				2D975D251C9906DD0027BE09 /* Main.storyboard */,
				2D975D281C9906DD0027BE09 /* Assets.xcassets */,
				2D975D2A1C9906DD0027BE09 /* LaunchScreen.storyboard */,
				2D975D2D1C9906DD0027BE09 /* Info.plist */,
			);
			path = TrySafariViewController;
			sourceTree = "<group>";
		};
		2D975D351C9906DD0027BE09 /* TrySafariViewControllerTests */ = {
			isa = PBXGroup;
			children = (
				2D975D361C9906DD0027BE09 /* TrySafariViewControllerTests.swift */,
				2D975D381C9906DD0027BE09 /* Info.plist */,
			);
			path = TrySafariViewControllerTests;
			sourceTree = "<group>";
		};
		2D975D401C9906DD0027BE09 /* TrySafariViewControllerUITests */ = {
			isa = PBXGroup;
			children = (
				2D975D411C9906DD0027BE09 /* TrySafariViewControllerUITests.swift */,
				2D975D431C9906DD0027BE09 /* Info.plist */,
			);
			path = TrySafariViewControllerUITests;
			sourceTree = "<group>";
		};
/* End PBXGroup section */

/* Begin PBXNativeTarget section */
		2D975D1D1C9906DD0027BE09 /* TrySafariViewController */ = {
			isa = PBXNativeTarget;
			buildConfigurationList = 2D975D461C9906DD0027BE09 /* Build configuration list for PBXNativeTarget "TrySafariViewController" */;
			buildPhases = (
				2D975D1A1C9906DD0027BE09 /* Sources */,
				2D975D1B1C9906DD0027BE09 /* Frameworks */,
				2D975D1C1C9906DD0027BE09 /* Resources */,
			);
			buildRules = (
			);
			dependencies = (
			);
			name = TrySafariViewController;
			productName = TrySafariViewController;
			productReference = 2D975D1E1C9906DD0027BE09 /* TrySafariViewController.app */;
			productType = "com.apple.product-type.application";
		};
		2D975D311C9906DD0027BE09 /* TrySafariViewControllerTests */ = {
			isa = PBXNativeTarget;
			buildConfigurationList = 2D975D491C9906DD0027BE09 /* Build configuration list for PBXNativeTarget "TrySafariViewControllerTests" */;
			buildPhases = (
				2D975D2E1C9906DD0027BE09 /* Sources */,
				2D975D2F1C9906DD0027BE09 /* Frameworks */,
				2D975D301C9906DD0027BE09 /* Resources */,
			);
			buildRules = (
			);
			dependencies = (
				2D975D341C9906DD0027BE09 /* PBXTargetDependency */,
			);
			name = TrySafariViewControllerTests;
			productName = TrySafariViewControllerTests;
			productReference = 2D975D321C9906DD0027BE09 /* TrySafariViewControllerTests.xctest */;
			productType = "com.apple.product-type.bundle.unit-test";
		};
		2D975D3C1C9906DD0027BE09 /* TrySafariViewControllerUITests */ = {
			isa = PBXNativeTarget;
			buildConfigurationList = 2D975D4C1C9906DD0027BE09 /* Build configuration list for PBXNativeTarget "TrySafariViewControllerUITests" */;
			buildPhases = (
				2D975D391C9906DD0027BE09 /* Sources */,
				2D975D3A1C9906DD0027BE09 /* Frameworks */,
				2D975D3B1C9906DD0027BE09 /* Resources */,
			);
			buildRules = (
			);
			dependencies = (
				2D975D3F1C9906DD0027BE09 /* PBXTargetDependency */,
			);
			name = TrySafariViewControllerUITests;
			productName = TrySafariViewControllerUITests;
			productReference = 2D975D3D1C9906DD0027BE09 /* TrySafariViewControllerUITests.xctest */;
			productType = "com.apple.product-type.bundle.ui-testing";
		};
/* End PBXNativeTarget section */

/* Begin PBXProject section */
		2D975D161C9906DD0027BE09 /* Project object */ = {
			isa = PBXProject;
			attributes = {
				LastSwiftUpdateCheck = 0720;
				LastUpgradeCheck = 0720;
				ORGANIZATIONNAME = 17Life;
				TargetAttributes = {
					2D975D1D1C9906DD0027BE09 = {
						CreatedOnToolsVersion = 7.2;
					};
					2D975D311C9906DD0027BE09 = {
						CreatedOnToolsVersion = 7.2;
						TestTargetID = 2D975D1D1C9906DD0027BE09;
					};
					2D975D3C1C9906DD0027BE09 = {
						CreatedOnToolsVersion = 7.2;
						TestTargetID = 2D975D1D1C9906DD0027BE09;
					};
				};
			};
			buildConfigurationList = 2D975D191C9906DD0027BE09 /* Build configuration list for PBXProject "TrySafariViewController" */;
			compatibilityVersion = "Xcode 3.2";
			developmentRegion = English;
			hasScannedForEncodings = 0;
			knownRegions = (
				en,
				Base,
			);
			mainGroup = 2D975D151C9906DD0027BE09;
			productRefGroup = 2D975D1F1C9906DD0027BE09 /* Products */;
			projectDirPath = "";
			projectRoot = "";
			targets = (
				2D975D1D1C9906DD0027BE09 /* TrySafariViewController */,
				2D975D311C9906DD0027BE09 /* TrySafariViewControllerTests */,
				2D975D3C1C9906DD0027BE09 /* TrySafariViewControllerUITests */,
			);
		};
/* End PBXProject section */

/* Begin PBXResourcesBuildPhase section */
		2D975D1C1C9906DD0027BE09 /* Resources */ = {
			isa = PBXResourcesBuildPhase;
			buildActionMask = 2147483647;
			files = (
				2D975D2C1C9906DD0027BE09 /* LaunchScreen.storyboard in Resources */,
				2D975D291C9906DD0027BE09 /* Assets.xcassets in Resources */,
				2D975D271C9906DD0027BE09 /* Main.storyboard in Resources */,
			);
			runOnlyForDeploymentPostprocessing = 0;
		};
		2D975D301C9906DD0027BE09 /* Resources */ = {
			isa = PBXResourcesBuildPhase;
			buildActionMask = 2147483647;
			files = (
			);
			runOnlyForDeploymentPostprocessing = 0;
		};
		2D975D3B1C9906DD0027BE09 /* Resources */ = {
			isa = PBXResourcesBuildPhase;
			buildActionMask = 2147483647;
			files = (
			);
			runOnlyForDeploymentPostprocessing = 0;
		};
/* End PBXResourcesBuildPhase section */

/* Begin PBXSourcesBuildPhase section */
		2D975D1A1C9906DD0027BE09 /* Sources */ = {
			isa = PBXSourcesBuildPhase;
			buildActionMask = 2147483647;
			files = (
				2D975D241C9906DD0027BE09 /* ViewController.swift in Sources */,
				2D975D221C9906DD0027BE09 /* AppDelegate.swift in Sources */,
			);
			runOnlyForDeploymentPostprocessing = 0;
		};
		2D975D2E1C9906DD0027BE09 /* Sources */ = {
			isa = PBXSourcesBuildPhase;
			buildActionMask = 2147483647;
			files = (
				2D975D371C9906DD0027BE09 /* TrySafariViewControllerTests.swift in Sources */,
			);
			runOnlyForDeploymentPostprocessing = 0;
		};
		2D975D391C9906DD0027BE09 /* Sources */ = {
			isa = PBXSourcesBuildPhase;
			buildActionMask = 2147483647;
			files = (
				2D975D421C9906DD0027BE09 /* TrySafariViewControllerUITests.swift in Sources */,
			);
			runOnlyForDeploymentPostprocessing = 0;
		};
/* End PBXSourcesBuildPhase section */

/* Begin PBXTargetDependency section */
		2D975D341C9906DD0027BE09 /* PBXTargetDependency */ = {
			isa = PBXTargetDependency;
			target = 2D975D1D1C9906DD0027BE09 /* TrySafariViewController */;
			targetProxy = 2D975D331C9906DD0027BE09 /* PBXContainerItemProxy */;
		};
		2D975D3F1C9906DD0027BE09 /* PBXTargetDependency */ = {
			isa = PBXTargetDependency;
			target = 2D975D1D1C9906DD0027BE09 /* TrySafariViewController */;
			targetProxy = 2D975D3E1C9906DD0027BE09 /* PBXContainerItemProxy */;
		};
/* End PBXTargetDependency section */

/* Begin PBXVariantGroup section */
		2D975D251C9906DD0027BE09 /* Main.storyboard */ = {
			isa = PBXVariantGroup;
			children = (
				2D975D261C9906DD0027BE09 /* Base */,
			);
			name = Main.storyboard;
			sourceTree = "<group>";
		};
		2D975D2A1C9906DD0027BE09 /* LaunchScreen.storyboard */ = {
			isa = PBXVariantGroup;
			children = (
				2D975D2B1C9906DD0027BE09 /* Base */,
			);
			name = LaunchScreen.storyboard;
			sourceTree = "<group>";
		};
/* End PBXVariantGroup section */

/* Begin XCBuildConfiguration section */
		2D975D441C9906DD0027BE09 /* Debug */ = {
			isa = XCBuildConfiguration;
			buildSettings = {
				ALWAYS_SEARCH_USER_PATHS = NO;
				CLANG_CXX_LANGUAGE_STANDARD = "gnu++0x";
				CLANG_CXX_LIBRARY = "libc++";
				CLANG_ENABLE_MODULES = YES;
				CLANG_ENABLE_OBJC_ARC = YES;
				CLANG_WARN_BOOL_CONVERSION = YES;
				CLANG_WARN_CONSTANT_CONVERSION = YES;
				CLANG_WARN_DIRECT_OBJC_ISA_USAGE = YES_ERROR;
				CLANG_WARN_EMPTY_BODY = YES;
				CLANG_WARN_ENUM_CONVERSION = YES;
				CLANG_WARN_INT_CONVERSION = YES;
				CLANG_WARN_OBJC_ROOT_CLASS = YES_ERROR;
				CLANG_WARN_UNREACHABLE_CODE = YES;
				CLANG_WARN__DUPLICATE_METHOD_MATCH = YES;
				"CODE_SIGN_IDENTITY[sdk=iphoneos*]" = "iPhone Developer";
				COPY_PHASE_STRIP = NO;
				DEBUG_INFORMATION_FORMAT = dwarf;
				ENABLE_STRICT_OBJC_MSGSEND = YES;
				ENABLE_TESTABILITY = YES;
				GCC_C_LANGUAGE_STANDARD = gnu99;
				GCC_DYNAMIC_NO_PIC = NO;
				GCC_NO_COMMON_BLOCKS = YES;
				GCC_OPTIMIZATION_LEVEL = 0;
				GCC_PREPROCESSOR_DEFINITIONS = (
					"DEBUG=1",
					"$(inherited)",
				);
				GCC_WARN_64_TO_32_BIT_CONVERSION = YES;
				GCC_WARN_ABOUT_RETURN_TYPE = YES_ERROR;
				GCC_WARN_UNDECLARED_SELECTOR = YES;
				GCC_WARN_UNINITIALIZED_AUTOS = YES_AGGRESSIVE;
				GCC_WARN_UNUSED_FUNCTION = YES;
				GCC_WARN_UNUSED_VARIABLE = YES;
				IPHONEOS_DEPLOYMENT_TARGET = 9.2;
				MTL_ENABLE_DEBUG_INFO = YES;
				ONLY_ACTIVE_ARCH = YES;
				SDKROOT = iphoneos;
				SWIFT_OPTIMIZATION_LEVEL = "-Onone";
			};
			name = Debug;
		};
		2D975D451C9906DD0027BE09 /* Release */ = {
			isa = XCBuildConfiguration;
			buildSettings = {
				ALWAYS_SEARCH_USER_PATHS = NO;
				CLANG_CXX_LANGUAGE_STANDARD = "gnu++0x";
				CLANG_CXX_LIBRARY = "libc++";
				CLANG_ENABLE_MODULES = YES;
				CLANG_ENABLE_OBJC_ARC = YES;
				CLANG_WARN_BOOL_CONVERSION = YES;
				CLANG_WARN_CONSTANT_CONVERSION = YES;
				CLANG_WARN_DIRECT_OBJC_ISA_USAGE = YES_ERROR;
				CLANG_WARN_EMPTY_BODY = YES;
				CLANG_WARN_ENUM_CONVERSION = YES;
				CLANG_WARN_INT_CONVERSION = YES;
				CLANG_WARN_OBJC_ROOT_CLASS = YES_ERROR;
				CLANG_WARN_UNREACHABLE_CODE = YES;
				CLANG_WARN__DUPLICATE_METHOD_MATCH = YES;
				"CODE_SIGN_IDENTITY[sdk=iphoneos*]" = "iPhone Developer";
				COPY_PHASE_STRIP = NO;
				DEBUG_INFORMATION_FORMAT = "dwarf-with-dsym";
				ENABLE_NS_ASSERTIONS = NO;
				ENABLE_STRICT_OBJC_MSGSEND = YES;
				GCC_C_LANGUAGE_STANDARD = gnu99;
				GCC_NO_COMMON_BLOCKS = YES;
				GCC_WARN_64_TO_32_BIT_CONVERSION = YES;
				GCC_WARN_ABOUT_RETURN_TYPE = YES_ERROR;
				GCC_WARN_UNDECLARED_SELECTOR = YES;
				GCC_WARN_UNINITIALIZED_AUTOS = YES_AGGRESSIVE;
				GCC_WARN_UNUSED_FUNCTION = YES;
				GCC_WARN_UNUSED_VARIABLE = YES;
				IPHONEOS_DEPLOYMENT_TARGET = 9.2;
				MTL_ENABLE_DEBUG_INFO = NO;
				SDKROOT = iphoneos;
				VALIDATE_PRODUCT = YES;
			};
			name = Release;
		};
		2D975D471C9906DD0027BE09 /* Debug */ = {
			isa = XCBuildConfiguration;
			buildSettings = {
				ASSETCATALOG_COMPILER_APPICON_NAME = AppIcon;
				INFOPLIST_FILE = TrySafariViewController/Info.plist;
				LD_RUNPATH_SEARCH_PATHS = "$(inherited) @executable_path/Frameworks";
				PRODUCT_BUNDLE_IDENTIFIER = "-7Life.TrySafariViewController";
				PRODUCT_NAME = "$(TARGET_NAME)";
			};
			name = Debug;
		};
		2D975D481C9906DD0027BE09 /* Release */ = {
			isa = XCBuildConfiguration;
			buildSettings = {
				ASSETCATALOG_COMPILER_APPICON_NAME = AppIcon;
				INFOPLIST_FILE = TrySafariViewController/Info.plist;
				LD_RUNPATH_SEARCH_PATHS = "$(inherited) @executable_path/Frameworks";
				PRODUCT_BUNDLE_IDENTIFIER = "-7Life.TrySafariViewController";
				PRODUCT_NAME = "$(TARGET_NAME)";
			};
			name = Release;
		};
		2D975D4A1C9906DD0027BE09 /* Debug */ = {
			isa = XCBuildConfiguration;
			buildSettings = {
				BUNDLE_LOADER = "$(TEST_HOST)";
				INFOPLIST_FILE = TrySafariViewControllerTests/Info.plist;
				LD_RUNPATH_SEARCH_PATHS = "$(inherited) @executable_path/Frameworks @loader_path/Frameworks";
				PRODUCT_BUNDLE_IDENTIFIER = "-7Life.TrySafariViewControllerTests";
				PRODUCT_NAME = "$(TARGET_NAME)";
				TEST_HOST = "$(BUILT_PRODUCTS_DIR)/TrySafariViewController.app/TrySafariViewController";
			};
			name = Debug;
		};
		2D975D4B1C9906DD0027BE09 /* Release */ = {
			isa = XCBuildConfiguration;
			buildSettings = {
				BUNDLE_LOADER = "$(TEST_HOST)";
				INFOPLIST_FILE = TrySafariViewControllerTests/Info.plist;
				LD_RUNPATH_SEARCH_PATHS = "$(inherited) @executable_path/Frameworks @loader_path/Frameworks";
				PRODUCT_BUNDLE_IDENTIFIER = "-7Life.TrySafariViewControllerTests";
				PRODUCT_NAME = "$(TARGET_NAME)";
				TEST_HOST = "$(BUILT_PRODUCTS_DIR)/TrySafariViewController.app/TrySafariViewController";
			};
			name = Release;
		};
		2D975D4D1C9906DD0027BE09 /* Debug */ = {
			isa = XCBuildConfiguration;
			buildSettings = {
				INFOPLIST_FILE = TrySafariViewControllerUITests/Info.plist;
				LD_RUNPATH_SEARCH_PATHS = "$(inherited) @executable_path/Frameworks @loader_path/Frameworks";
				PRODUCT_BUNDLE_IDENTIFIER = "-7Life.TrySafariViewControllerUITests";
				PRODUCT_NAME = "$(TARGET_NAME)";
				TEST_TARGET_NAME = TrySafariViewController;
				USES_XCTRUNNER = YES;
			};
			name = Debug;
		};
		2D975D4E1C9906DD0027BE09 /* Release */ = {
			isa = XCBuildConfiguration;
			buildSettings = {
				INFOPLIST_FILE = TrySafariViewControllerUITests/Info.plist;
				LD_RUNPATH_SEARCH_PATHS = "$(inherited) @executable_path/Frameworks @loader_path/Frameworks";
				PRODUCT_BUNDLE_IDENTIFIER = "-7Life.TrySafariViewControllerUITests";
				PRODUCT_NAME = "$(TARGET_NAME)";
				TEST_TARGET_NAME = TrySafariViewController;
				USES_XCTRUNNER = YES;
			};
			name = Release;
		};
/* End XCBuildConfiguration section */

/* Begin XCConfigurationList section */
		2D975D191C9906DD0027BE09 /* Build configuration list for PBXProject "TrySafariViewController" */ = {
			isa = XCConfigurationList;
			buildConfigurations = (
				2D975D441C9906DD0027BE09 /* Debug */,
				2D975D451C9906DD0027BE09 /* Release */,
			);
			defaultConfigurationIsVisible = 0;
			defaultConfigurationName = Release;
		};
		2D975D461C9906DD0027BE09 /* Build configuration list for PBXNativeTarget "TrySafariViewController" */ = {
			isa = XCConfigurationList;
			buildConfigurations = (
				2D975D471C9906DD0027BE09 /* Debug */,
				2D975D481C9906DD0027BE09 /* Release */,
			);
			defaultConfigurationIsVisible = 0;
		};
		2D975D491C9906DD0027BE09 /* Build configuration list for PBXNativeTarget "TrySafariViewControllerTests" */ = {
			isa = XCConfigurationList;
			buildConfigurations = (
				2D975D4A1C9906DD0027BE09 /* Debug */,
				2D975D4B1C9906DD0027BE09 /* Release */,
			);
			defaultConfigurationIsVisible = 0;
		};
		2D975D4C1C9906DD0027BE09 /* Build configuration list for PBXNativeTarget "TrySafariViewControllerUITests" */ = {
			isa = XCConfigurationList;
			buildConfigurations = (
				2D975D4D1C9906DD0027BE09 /* Debug */,
				2D975D4E1C9906DD0027BE09 /* Release */,
			);
			defaultConfigurationIsVisible = 0;
		};
/* End XCConfigurationList section */
	};
	rootObject = 2D975D161C9906DD0027BE09 /* Project object */;
}
